// !$*UTF8*$!
{
	archiveVersion = 1;
	classes = {
	};
	objectVersion = 46;
	objects = {

/* Begin PBXBuildFile section */
		22BEE813C75B48408BFA919D /* libPods.a in Frameworks */ = {isa = PBXBuildFile; fileRef = 590E070F4A684548B3FB8592 /* libPods.a */; };
		A09117C217A767A000FB5C55 /* AppDelegate.m in Sources */ = {isa = PBXBuildFile; fileRef = A091173017A767A000FB5C55 /* AppDelegate.m */; };
		A09117C317A767A000FB5C55 /* controller.mm in Sources */ = {isa = PBXBuildFile; fileRef = A091173317A767A000FB5C55 /* controller.mm */; };
		A09117C417A767A000FB5C55 /* dribbble.mm in Sources */ = {isa = PBXBuildFile; fileRef = A091173517A767A000FB5C55 /* dribbble.mm */; };
		A09117C617A767A000FB5C55 /* BaseModel.m in Sources */ = {isa = PBXBuildFile; fileRef = A091173A17A767A000FB5C55 /* BaseModel.m */; };
		A09117C717A767A000FB5C55 /* model.m in Sources */ = {isa = PBXBuildFile; fileRef = A091173C17A767A000FB5C55 /* model.m */; };
		A09117C817A767A000FB5C55 /* ShotCommentsModel.m in Sources */ = {isa = PBXBuildFile; fileRef = A091173E17A767A000FB5C55 /* ShotCommentsModel.m */; };
		A09117C917A767A000FB5C55 /* ShotInfoModel.m in Sources */ = {isa = PBXBuildFile; fileRef = A091174017A767A000FB5C55 /* ShotInfoModel.m */; };
		A09117CA17A767A000FB5C55 /* ShotListModel.m in Sources */ = {isa = PBXBuildFile; fileRef = A091174217A767A000FB5C55 /* ShotListModel.m */; };
		A09117CB17A767A000FB5C55 /* arrow-down@2x.png in Resources */ = {isa = PBXBuildFile; fileRef = A091174517A767A000FB5C55 /* arrow-down@2x.png */; };
		A09117CD17A767A000FB5C55 /* avatar-houxin.png in Resources */ = {isa = PBXBuildFile; fileRef = A091174717A767A000FB5C55 /* avatar-houxin.png */; };
		A09117CE17A767A000FB5C55 /* avatar-howie.png in Resources */ = {isa = PBXBuildFile; fileRef = A091174817A767A000FB5C55 /* avatar-howie.png */; };
		A09117CF17A767A000FB5C55 /* avatar-laoguo.png in Resources */ = {isa = PBXBuildFile; fileRef = A091174917A767A000FB5C55 /* avatar-laoguo.png */; };
		A09117D017A767A000FB5C55 /* avatar-qfish.png in Resources */ = {isa = PBXBuildFile; fileRef = A091174A17A767A000FB5C55 /* avatar-qfish.png */; };
		A09117D117A767A000FB5C55 /* contact-them@2x.png in Resources */ = {isa = PBXBuildFile; fileRef = A091174B17A767A000FB5C55 /* contact-them@2x.png */; };
		A09117D217A767A000FB5C55 /* geek-zoo.png in Resources */ = {isa = PBXBuildFile; fileRef = A091174C17A767A000FB5C55 /* geek-zoo.png */; };
		A09117D317A767A000FB5C55 /* icon-comments.png in Resources */ = {isa = PBXBuildFile; fileRef = A091174D17A767A000FB5C55 /* icon-comments.png */; };
		A09117D417A767A000FB5C55 /* icon-hearts.png in Resources */ = {isa = PBXBuildFile; fileRef = A091174E17A767A000FB5C55 /* icon-hearts.png */; };
		A09117D517A767A000FB5C55 /* icon-views.png in Resources */ = {isa = PBXBuildFile; fileRef = A091174F17A767A000FB5C55 /* icon-views.png */; };
		A09117D617A767A000FB5C55 /* menu-button@2x.png in Resources */ = {isa = PBXBuildFile; fileRef = A091175017A767A000FB5C55 /* menu-button@2x.png */; };
		A09117D717A767A000FB5C55 /* menu-icon-blue@2x.png in Resources */ = {isa = PBXBuildFile; fileRef = A091175117A767A000FB5C55 /* menu-icon-blue@2x.png */; };
		A09117D817A767A000FB5C55 /* menu-icon-green@2x.png in Resources */ = {isa = PBXBuildFile; fileRef = A091175217A767A000FB5C55 /* menu-icon-green@2x.png */; };
		A09117D917A767A000FB5C55 /* menu-icon-red@2x.png in Resources */ = {isa = PBXBuildFile; fileRef = A091175317A767A000FB5C55 /* menu-icon-red@2x.png */; };
		A09117DA17A767A000FB5C55 /* menu-icon@2x.png in Resources */ = {isa = PBXBuildFile; fileRef = A091175417A767A000FB5C55 /* menu-icon@2x.png */; };
		A09117DB17A767A000FB5C55 /* navigation-back@2x.png in Resources */ = {isa = PBXBuildFile; fileRef = A091175517A767A000FB5C55 /* navigation-back@2x.png */; };
		A09117DC17A767A000FB5C55 /* navigation-bar@2x.png in Resources */ = {isa = PBXBuildFile; fileRef = A091175617A767A000FB5C55 /* navigation-bar@2x.png */; };
		A09117DD17A767A000FB5C55 /* navigation_bar@2x.png in Resources */ = {isa = PBXBuildFile; fileRef = A091175717A767A000FB5C55 /* navigation_bar@2x.png */; };
		A09117DE17A767A000FB5C55 /* splash-bg@2x.png in Resources */ = {isa = PBXBuildFile; fileRef = A091175817A767A000FB5C55 /* splash-bg@2x.png */; };
		A09117DF17A767A000FB5C55 /* splash-logo-small@2x.png in Resources */ = {isa = PBXBuildFile; fileRef = A091175917A767A000FB5C55 /* splash-logo-small@2x.png */; };
		A09117E017A767A000FB5C55 /* splash-logo@2x.png in Resources */ = {isa = PBXBuildFile; fileRef = A091175A17A767A000FB5C55 /* splash-logo@2x.png */; };
		A09117E117A767A000FB5C55 /* splash-slogan@2x.png in Resources */ = {isa = PBXBuildFile; fileRef = A091175B17A767A000FB5C55 /* splash-slogan@2x.png */; };
		A09117E217A767A000FB5C55 /* tab-bar@2x.png in Resources */ = {isa = PBXBuildFile; fileRef = A091175C17A767A000FB5C55 /* tab-bar@2x.png */; };
		A09117E317A767A000FB5C55 /* tab-item@2x.png in Resources */ = {isa = PBXBuildFile; fileRef = A091175D17A767A000FB5C55 /* tab-item@2x.png */; };
		A09117E417A767A000FB5C55 /* AppBoard_iPad.m in Sources */ = {isa = PBXBuildFile; fileRef = A091176017A767A000FB5C55 /* AppBoard_iPad.m */; };
		A09117E517A767A000FB5C55 /* AppBoard_iPhone.m in Sources */ = {isa = PBXBuildFile; fileRef = A091176317A767A000FB5C55 /* AppBoard_iPhone.m */; };
		A09117E717A767A000FB5C55 /* avatar-gelosie.jpg in Resources */ = {isa = PBXBuildFile; fileRef = A091176717A767A000FB5C55 /* avatar-gelosie.jpg */; };
		A09117E817A767A000FB5C55 /* avatar-heaven.jpg in Resources */ = {isa = PBXBuildFile; fileRef = A091176817A767A000FB5C55 /* avatar-heaven.jpg */; };
		A09117EB17A767A000FB5C55 /* avatar-ilikeido.jpg in Resources */ = {isa = PBXBuildFile; fileRef = A091176B17A767A000FB5C55 /* avatar-ilikeido.jpg */; };
		A09117EC17A767A000FB5C55 /* avatar-lancy.jpg in Resources */ = {isa = PBXBuildFile; fileRef = A091176C17A767A000FB5C55 /* avatar-lancy.jpg */; };
		A09117EE17A767A000FB5C55 /* avatar-nonomori.png in Resources */ = {isa = PBXBuildFile; fileRef = A091176E17A767A000FB5C55 /* avatar-nonomori.png */; };
		A09117F017A767A000FB5C55 /* avatar-roy.jpg in Resources */ = {isa = PBXBuildFile; fileRef = A091177017A767A000FB5C55 /* avatar-roy.jpg */; };
		A09117F117A767A000FB5C55 /* avatar-stcui.jpg in Resources */ = {isa = PBXBuildFile; fileRef = A091177117A767A000FB5C55 /* avatar-stcui.jpg */; };
		A09117F217A767A000FB5C55 /* avatar-yulong.jpeg in Resources */ = {isa = PBXBuildFile; fileRef = A091177217A767A000FB5C55 /* avatar-yulong.jpeg */; };
		A091180717A767A000FB5C55 /* AboutBoard_iPhone.m in Sources */ = {isa = PBXBuildFile; fileRef = A091178A17A767A000FB5C55 /* AboutBoard_iPhone.m */; };
		A091180817A767A000FB5C55 /* AboutBoard_iPhone.xml in Resources */ = {isa = PBXBuildFile; fileRef = A091178B17A767A000FB5C55 /* AboutBoard_iPhone.xml */; };
		A091180917A767A000FB5C55 /* AboutBoardCell_iPhone.xml in Resources */ = {isa = PBXBuildFile; fileRef = A091178C17A767A000FB5C55 /* AboutBoardCell_iPhone.xml */; };
		A091180A17A767A000FB5C55 /* DribbbleBoard_iPhone.m in Sources */ = {isa = PBXBuildFile; fileRef = A091178E17A767A000FB5C55 /* DribbbleBoard_iPhone.m */; };
		A091180B17A767A000FB5C55 /* DribbbleBoard_iPhone.xml in Resources */ = {isa = PBXBuildFile; fileRef = A091178F17A767A000FB5C55 /* DribbbleBoard_iPhone.xml */; };
		A091180C17A767A000FB5C55 /* DribbbleBoardCell_iPhone.xml in Resources */ = {isa = PBXBuildFile; fileRef = A091179017A767A000FB5C55 /* DribbbleBoardCell_iPhone.xml */; };
		A091180D17A767A000FB5C55 /* DribbbleBoardTab_iPhone.xml in Resources */ = {isa = PBXBuildFile; fileRef = A091179117A767A000FB5C55 /* DribbbleBoardTab_iPhone.xml */; };
		A091180E17A767A000FB5C55 /* DribbbleDetailBoard_iPhone.m in Sources */ = {isa = PBXBuildFile; fileRef = A091179317A767A000FB5C55 /* DribbbleDetailBoard_iPhone.m */; };
		A091180F17A767A000FB5C55 /* DribbbleDetailBoard_iPhone.xml in Resources */ = {isa = PBXBuildFile; fileRef = A091179417A767A000FB5C55 /* DribbbleDetailBoard_iPhone.xml */; };
		A091181017A767A000FB5C55 /* DribbbleDetailBoardComment_iPhone.xml in Resources */ = {isa = PBXBuildFile; fileRef = A091179517A767A000FB5C55 /* DribbbleDetailBoardComment_iPhone.xml */; };
		A091181117A767A000FB5C55 /* DribbbleDetailBoardHeader_iPhone.xml in Resources */ = {isa = PBXBuildFile; fileRef = A091179617A767A000FB5C55 /* DribbbleDetailBoardHeader_iPhone.xml */; };
		A091181217A767A000FB5C55 /* Lesson1Board.m in Sources */ = {isa = PBXBuildFile; fileRef = A091179817A767A000FB5C55 /* Lesson1Board.m */; };
		A091181317A767A000FB5C55 /* Lesson2Board.m in Sources */ = {isa = PBXBuildFile; fileRef = A091179A17A767A000FB5C55 /* Lesson2Board.m */; };
		A091181417A767A000FB5C55 /* Lesson3Board.m in Sources */ = {isa = PBXBuildFile; fileRef = A091179C17A767A000FB5C55 /* Lesson3Board.m */; };
		A091181517A767A000FB5C55 /* Lesson4Board.m in Sources */ = {isa = PBXBuildFile; fileRef = A091179E17A767A000FB5C55 /* Lesson4Board.m */; };
		A091181617A767A000FB5C55 /* Lesson5Board.m in Sources */ = {isa = PBXBuildFile; fileRef = A09117A017A767A000FB5C55 /* Lesson5Board.m */; };
		A091181717A767A000FB5C55 /* Lesson5Board.xml in Resources */ = {isa = PBXBuildFile; fileRef = A09117A117A767A000FB5C55 /* Lesson5Board.xml */; };
		A091181817A767A000FB5C55 /* Lesson5BoardCell.xml in Resources */ = {isa = PBXBuildFile; fileRef = A09117A217A767A000FB5C55 /* Lesson5BoardCell.xml */; };
		A091181917A767A000FB5C55 /* Lesson6_1Board.m in Sources */ = {isa = PBXBuildFile; fileRef = A09117A417A767A000FB5C55 /* Lesson6_1Board.m */; };
		A091181A17A767A000FB5C55 /* Lesson6_2Board.m in Sources */ = {isa = PBXBuildFile; fileRef = A09117A617A767A000FB5C55 /* Lesson6_2Board.m */; };
		A091181B17A767A000FB5C55 /* Lesson6_3Board.m in Sources */ = {isa = PBXBuildFile; fileRef = A09117A817A767A000FB5C55 /* Lesson6_3Board.m */; };
		A091181C17A767A000FB5C55 /* Lesson6_4Board.m in Sources */ = {isa = PBXBuildFile; fileRef = A09117AA17A767A000FB5C55 /* Lesson6_4Board.m */; };
		A091181D17A767A000FB5C55 /* Lesson6_5Board.m in Sources */ = {isa = PBXBuildFile; fileRef = A09117AC17A767A000FB5C55 /* Lesson6_5Board.m */; };
		A091181E17A767A000FB5C55 /* Lesson6_6Board.m in Sources */ = {isa = PBXBuildFile; fileRef = A09117AE17A767A000FB5C55 /* Lesson6_6Board.m */; };
		A091181F17A767A000FB5C55 /* MenuBoard_iPhone.m in Sources */ = {isa = PBXBuildFile; fileRef = A09117B017A767A000FB5C55 /* MenuBoard_iPhone.m */; };
		A091182017A767A000FB5C55 /* MenuBoard_iPhone.xml in Resources */ = {isa = PBXBuildFile; fileRef = A09117B117A767A000FB5C55 /* MenuBoard_iPhone.xml */; };
		A091182117A767A000FB5C55 /* PullLoader.m in Sources */ = {isa = PBXBuildFile; fileRef = A09117B317A767A000FB5C55 /* PullLoader.m */; };
		A091182217A767A000FB5C55 /* PullLoader.xml in Resources */ = {isa = PBXBuildFile; fileRef = A09117B417A767A000FB5C55 /* PullLoader.xml */; };
		A091182317A767A000FB5C55 /* SplashBoard_iPhone-568h@2x.xml in Resources */ = {isa = PBXBuildFile; fileRef = A09117B517A767A000FB5C55 /* SplashBoard_iPhone-568h@2x.xml */; };
		A091182417A767A000FB5C55 /* SplashBoard_iPhone.anim in Resources */ = {isa = PBXBuildFile; fileRef = A09117B617A767A000FB5C55 /* SplashBoard_iPhone.anim */; };
		A091182517A767A000FB5C55 /* SplashBoard_iPhone.m in Sources */ = {isa = PBXBuildFile; fileRef = A09117B817A767A000FB5C55 /* SplashBoard_iPhone.m */; };
		A091182617A767A000FB5C55 /* SplashBoard_iPhone.xml in Resources */ = {isa = PBXBuildFile; fileRef = A09117B917A767A000FB5C55 /* SplashBoard_iPhone.xml */; };
		A091182717A767A000FB5C55 /* TeamBoard_iPhone.m in Sources */ = {isa = PBXBuildFile; fileRef = A09117BB17A767A000FB5C55 /* TeamBoard_iPhone.m */; };
		A091182817A767A000FB5C55 /* TeamBoard_iPhone.xml in Resources */ = {isa = PBXBuildFile; fileRef = A09117BC17A767A000FB5C55 /* TeamBoard_iPhone.xml */; };
		A091182917A767A000FB5C55 /* TeamBoardCell_iPhone.xml in Resources */ = {isa = PBXBuildFile; fileRef = A09117BD17A767A000FB5C55 /* TeamBoardCell_iPhone.xml */; };
		A091182A17A767A000FB5C55 /* TutorialBoard_iPhone.m in Sources */ = {isa = PBXBuildFile; fileRef = A09117BF17A767A000FB5C55 /* TutorialBoard_iPhone.m */; };
		A091182B17A767A000FB5C55 /* TutorialBoard_iPhone.xml in Resources */ = {isa = PBXBuildFile; fileRef = A09117C017A767A000FB5C55 /* TutorialBoard_iPhone.xml */; };
		A091182C17A767A000FB5C55 /* TutorialBoardCell_iPhone.xml in Resources */ = {isa = PBXBuildFile; fileRef = A09117C117A767A000FB5C55 /* TutorialBoardCell_iPhone.xml */; };
		A0F19CB616BADBD000ACE20A /* UIKit.framework in Frameworks */ = {isa = PBXBuildFile; fileRef = A0F19CB516BADBD000ACE20A /* UIKit.framework */; };
		A0F19CB816BADBD000ACE20A /* Foundation.framework in Frameworks */ = {isa = PBXBuildFile; fileRef = A0F19CB716BADBD000ACE20A /* Foundation.framework */; };
		A0F19CBA16BADBD000ACE20A /* CoreGraphics.framework in Frameworks */ = {isa = PBXBuildFile; fileRef = A0F19CB916BADBD000ACE20A /* CoreGraphics.framework */; };
		A0F19CC016BADBD000ACE20A /* InfoPlist.strings in Resources */ = {isa = PBXBuildFile; fileRef = A0F19CBE16BADBD000ACE20A /* InfoPlist.strings */; };
		A0F19CC216BADBD000ACE20A /* main.m in Sources */ = {isa = PBXBuildFile; fileRef = A0F19CC116BADBD000ACE20A /* main.m */; };
		A0F19CC816BADBD000ACE20A /* Default.png in Resources */ = {isa = PBXBuildFile; fileRef = A0F19CC716BADBD000ACE20A /* Default.png */; };
		A0F19CCA16BADBD000ACE20A /* Default@2x.png in Resources */ = {isa = PBXBuildFile; fileRef = A0F19CC916BADBD000ACE20A /* Default@2x.png */; };
		A0F19CCC16BADBD000ACE20A /* Default-568h@2x.png in Resources */ = {isa = PBXBuildFile; fileRef = A0F19CCB16BADBD000ACE20A /* Default-568h@2x.png */; };
		A0F19D2B16BADF1A00ACE20A /* Icon.png in Resources */ = {isa = PBXBuildFile; fileRef = A0F19D2916BADF1A00ACE20A /* Icon.png */; };
		A0F19D2C16BADF1A00ACE20A /* Icon@2x.png in Resources */ = {isa = PBXBuildFile; fileRef = A0F19D2A16BADF1A00ACE20A /* Icon@2x.png */; };
/* End PBXBuildFile section */

/* Begin PBXFileReference section */
		590E070F4A684548B3FB8592 /* libPods.a */ = {isa = PBXFileReference; explicitFileType = archive.ar; includeInIndex = 0; path = libPods.a; sourceTree = BUILT_PRODUCTS_DIR; };
		60E642538304469F90EC30C6 /* Pods.xcconfig */ = {isa = PBXFileReference; includeInIndex = 1; lastKnownFileType = text.xcconfig; name = Pods.xcconfig; path = Pods/Pods.xcconfig; sourceTree = SOURCE_ROOT; };
		A091172F17A767A000FB5C55 /* AppDelegate.h */ = {isa = PBXFileReference; fileEncoding = 4; lastKnownFileType = sourcecode.c.h; path = AppDelegate.h; sourceTree = "<group>"; };
		A091173017A767A000FB5C55 /* AppDelegate.m */ = {isa = PBXFileReference; fileEncoding = 4; lastKnownFileType = sourcecode.c.objc; path = AppDelegate.m; sourceTree = "<group>"; };
		A091173217A767A000FB5C55 /* controller.h */ = {isa = PBXFileReference; fileEncoding = 4; lastKnownFileType = sourcecode.c.h; path = controller.h; sourceTree = "<group>"; };
		A091173317A767A000FB5C55 /* controller.mm */ = {isa = PBXFileReference; fileEncoding = 4; lastKnownFileType = sourcecode.cpp.objcpp; path = controller.mm; sourceTree = "<group>"; };
		A091173417A767A000FB5C55 /* dribbble.h */ = {isa = PBXFileReference; fileEncoding = 4; lastKnownFileType = sourcecode.c.h; path = dribbble.h; sourceTree = "<group>"; };
		A091173517A767A000FB5C55 /* dribbble.mm */ = {isa = PBXFileReference; fileEncoding = 4; lastKnownFileType = sourcecode.cpp.objcpp; path = dribbble.mm; sourceTree = "<group>"; };
		A091173617A767A000FB5C55 /* BeeFrameworkExample-Info.plist */ = {isa = PBXFileReference; fileEncoding = 4; lastKnownFileType = text.plist.xml; path = "BeeFrameworkExample-Info.plist"; sourceTree = "<group>"; };
		A091173717A767A000FB5C55 /* BeeFrameworkExample-Prefix.pch */ = {isa = PBXFileReference; fileEncoding = 4; lastKnownFileType = sourcecode.c.h; path = "BeeFrameworkExample-Prefix.pch"; sourceTree = "<group>"; };
		A091173917A767A000FB5C55 /* BaseModel.h */ = {isa = PBXFileReference; fileEncoding = 4; lastKnownFileType = sourcecode.c.h; path = BaseModel.h; sourceTree = "<group>"; };
		A091173A17A767A000FB5C55 /* BaseModel.m */ = {isa = PBXFileReference; fileEncoding = 4; lastKnownFileType = sourcecode.c.objc; path = BaseModel.m; sourceTree = "<group>"; };
		A091173B17A767A000FB5C55 /* model.h */ = {isa = PBXFileReference; fileEncoding = 4; lastKnownFileType = sourcecode.c.h; path = model.h; sourceTree = "<group>"; };
		A091173C17A767A000FB5C55 /* model.m */ = {isa = PBXFileReference; fileEncoding = 4; lastKnownFileType = sourcecode.c.objc; path = model.m; sourceTree = "<group>"; };
		A091173D17A767A000FB5C55 /* ShotCommentsModel.h */ = {isa = PBXFileReference; fileEncoding = 4; lastKnownFileType = sourcecode.c.h; path = ShotCommentsModel.h; sourceTree = "<group>"; };
		A091173E17A767A000FB5C55 /* ShotCommentsModel.m */ = {isa = PBXFileReference; fileEncoding = 4; lastKnownFileType = sourcecode.c.objc; path = ShotCommentsModel.m; sourceTree = "<group>"; };
		A091173F17A767A000FB5C55 /* ShotInfoModel.h */ = {isa = PBXFileReference; fileEncoding = 4; lastKnownFileType = sourcecode.c.h; path = ShotInfoModel.h; sourceTree = "<group>"; };
		A091174017A767A000FB5C55 /* ShotInfoModel.m */ = {isa = PBXFileReference; fileEncoding = 4; lastKnownFileType = sourcecode.c.objc; path = ShotInfoModel.m; sourceTree = "<group>"; };
		A091174117A767A000FB5C55 /* ShotListModel.h */ = {isa = PBXFileReference; fileEncoding = 4; lastKnownFileType = sourcecode.c.h; path = ShotListModel.h; sourceTree = "<group>"; };
		A091174217A767A000FB5C55 /* ShotListModel.m */ = {isa = PBXFileReference; fileEncoding = 4; lastKnownFileType = sourcecode.c.objc; path = ShotListModel.m; sourceTree = "<group>"; };
		A091174517A767A000FB5C55 /* arrow-down@2x.png */ = {isa = PBXFileReference; lastKnownFileType = image.png; path = "arrow-down@2x.png"; sourceTree = "<group>"; };
		A091174617A767A000FB5C55 /* avatar-donglin.png */ = {isa = PBXFileReference; lastKnownFileType = image.png; path = "avatar-donglin.png"; sourceTree = "<group>"; };
		A091174717A767A000FB5C55 /* avatar-houxin.png */ = {isa = PBXFileReference; lastKnownFileType = image.png; path = "avatar-houxin.png"; sourceTree = "<group>"; };
		A091174817A767A000FB5C55 /* avatar-howie.png */ = {isa = PBXFileReference; lastKnownFileType = image.png; path = "avatar-howie.png"; sourceTree = "<group>"; };
		A091174917A767A000FB5C55 /* avatar-laoguo.png */ = {isa = PBXFileReference; lastKnownFileType = image.png; path = "avatar-laoguo.png"; sourceTree = "<group>"; };
		A091174A17A767A000FB5C55 /* avatar-qfish.png */ = {isa = PBXFileReference; lastKnownFileType = image.png; path = "avatar-qfish.png"; sourceTree = "<group>"; };
		A091174B17A767A000FB5C55 /* contact-them@2x.png */ = {isa = PBXFileReference; lastKnownFileType = image.png; path = "contact-them@2x.png"; sourceTree = "<group>"; };
		A091174C17A767A000FB5C55 /* geek-zoo.png */ = {isa = PBXFileReference; lastKnownFileType = image.png; path = "geek-zoo.png"; sourceTree = "<group>"; };
		A091174D17A767A000FB5C55 /* icon-comments.png */ = {isa = PBXFileReference; lastKnownFileType = image.png; path = "icon-comments.png"; sourceTree = "<group>"; };
		A091174E17A767A000FB5C55 /* icon-hearts.png */ = {isa = PBXFileReference; lastKnownFileType = image.png; path = "icon-hearts.png"; sourceTree = "<group>"; };
		A091174F17A767A000FB5C55 /* icon-views.png */ = {isa = PBXFileReference; lastKnownFileType = image.png; path = "icon-views.png"; sourceTree = "<group>"; };
		A091175017A767A000FB5C55 /* menu-button@2x.png */ = {isa = PBXFileReference; lastKnownFileType = image.png; path = "menu-button@2x.png"; sourceTree = "<group>"; };
		A091175117A767A000FB5C55 /* menu-icon-blue@2x.png */ = {isa = PBXFileReference; lastKnownFileType = image.png; path = "menu-icon-blue@2x.png"; sourceTree = "<group>"; };
		A091175217A767A000FB5C55 /* menu-icon-green@2x.png */ = {isa = PBXFileReference; lastKnownFileType = image.png; path = "menu-icon-green@2x.png"; sourceTree = "<group>"; };
		A091175317A767A000FB5C55 /* menu-icon-red@2x.png */ = {isa = PBXFileReference; lastKnownFileType = image.png; path = "menu-icon-red@2x.png"; sourceTree = "<group>"; };
		A091175417A767A000FB5C55 /* menu-icon@2x.png */ = {isa = PBXFileReference; lastKnownFileType = image.png; path = "menu-icon@2x.png"; sourceTree = "<group>"; };
		A091175517A767A000FB5C55 /* navigation-back@2x.png */ = {isa = PBXFileReference; lastKnownFileType = image.png; path = "navigation-back@2x.png"; sourceTree = "<group>"; };
		A091175617A767A000FB5C55 /* navigation-bar@2x.png */ = {isa = PBXFileReference; lastKnownFileType = image.png; path = "navigation-bar@2x.png"; sourceTree = "<group>"; };
		A091175717A767A000FB5C55 /* navigation_bar@2x.png */ = {isa = PBXFileReference; lastKnownFileType = image.png; path = "navigation_bar@2x.png"; sourceTree = "<group>"; };
		A091175817A767A000FB5C55 /* splash-bg@2x.png */ = {isa = PBXFileReference; lastKnownFileType = image.png; path = "splash-bg@2x.png"; sourceTree = "<group>"; };
		A091175917A767A000FB5C55 /* splash-logo-small@2x.png */ = {isa = PBXFileReference; lastKnownFileType = image.png; path = "splash-logo-small@2x.png"; sourceTree = "<group>"; };
		A091175A17A767A000FB5C55 /* splash-logo@2x.png */ = {isa = PBXFileReference; lastKnownFileType = image.png; path = "splash-logo@2x.png"; sourceTree = "<group>"; };
		A091175B17A767A000FB5C55 /* splash-slogan@2x.png */ = {isa = PBXFileReference; lastKnownFileType = image.png; path = "splash-slogan@2x.png"; sourceTree = "<group>"; };
		A091175C17A767A000FB5C55 /* tab-bar@2x.png */ = {isa = PBXFileReference; lastKnownFileType = image.png; path = "tab-bar@2x.png"; sourceTree = "<group>"; };
		A091175D17A767A000FB5C55 /* tab-item@2x.png */ = {isa = PBXFileReference; lastKnownFileType = image.png; path = "tab-item@2x.png"; sourceTree = "<group>"; };
		A091175F17A767A000FB5C55 /* AppBoard_iPad.h */ = {isa = PBXFileReference; fileEncoding = 4; lastKnownFileType = sourcecode.c.h; path = AppBoard_iPad.h; sourceTree = "<group>"; };
		A091176017A767A000FB5C55 /* AppBoard_iPad.m */ = {isa = PBXFileReference; fileEncoding = 4; lastKnownFileType = sourcecode.c.objc; path = AppBoard_iPad.m; sourceTree = "<group>"; };
		A091176217A767A000FB5C55 /* AppBoard_iPhone.h */ = {isa = PBXFileReference; fileEncoding = 4; lastKnownFileType = sourcecode.c.h; path = AppBoard_iPhone.h; sourceTree = "<group>"; };
		A091176317A767A000FB5C55 /* AppBoard_iPhone.m */ = {isa = PBXFileReference; fileEncoding = 4; lastKnownFileType = sourcecode.c.objc; path = AppBoard_iPhone.m; sourceTree = "<group>"; };
		A091176717A767A000FB5C55 /* avatar-gelosie.jpg */ = {isa = PBXFileReference; lastKnownFileType = image.jpeg; name = "avatar-gelosie.jpg"; path = "../../view_iPhone/resource/avatar/avatar-gelosie.jpg"; sourceTree = "<group>"; };
		A091176817A767A000FB5C55 /* avatar-heaven.jpg */ = {isa = PBXFileReference; lastKnownFileType = image.jpeg; name = "avatar-heaven.jpg"; path = "../../view_iPhone/resource/avatar/avatar-heaven.jpg"; sourceTree = "<group>"; };
		A091176B17A767A000FB5C55 /* avatar-ilikeido.jpg */ = {isa = PBXFileReference; lastKnownFileType = image.jpeg; name = "avatar-ilikeido.jpg"; path = "../../view_iPhone/resource/avatar/avatar-ilikeido.jpg"; sourceTree = "<group>"; };
		A091176C17A767A000FB5C55 /* avatar-lancy.jpg */ = {isa = PBXFileReference; lastKnownFileType = image.jpeg; name = "avatar-lancy.jpg"; path = "../../view_iPhone/resource/avatar/avatar-lancy.jpg"; sourceTree = "<group>"; };
		A091176E17A767A000FB5C55 /* avatar-nonomori.png */ = {isa = PBXFileReference; lastKnownFileType = image.png; name = "avatar-nonomori.png"; path = "../../view_iPhone/resource/avatar/avatar-nonomori.png"; sourceTree = "<group>"; };
		A091177017A767A000FB5C55 /* avatar-roy.jpg */ = {isa = PBXFileReference; lastKnownFileType = image.jpeg; name = "avatar-roy.jpg"; path = "../../view_iPhone/resource/avatar/avatar-roy.jpg"; sourceTree = "<group>"; };
		A091177117A767A000FB5C55 /* avatar-stcui.jpg */ = {isa = PBXFileReference; lastKnownFileType = image.jpeg; name = "avatar-stcui.jpg"; path = "../../view_iPhone/resource/avatar/avatar-stcui.jpg"; sourceTree = "<group>"; };
		A091177217A767A000FB5C55 /* avatar-yulong.jpeg */ = {isa = PBXFileReference; lastKnownFileType = image.jpeg; name = "avatar-yulong.jpeg"; path = "../../view_iPhone/resource/avatar/avatar-yulong.jpeg"; sourceTree = "<group>"; };
		A091178917A767A000FB5C55 /* AboutBoard_iPhone.h */ = {isa = PBXFileReference; fileEncoding = 4; lastKnownFileType = sourcecode.c.h; path = AboutBoard_iPhone.h; sourceTree = "<group>"; };
		A091178A17A767A000FB5C55 /* AboutBoard_iPhone.m */ = {isa = PBXFileReference; fileEncoding = 4; lastKnownFileType = sourcecode.c.objc; path = AboutBoard_iPhone.m; sourceTree = "<group>"; };
		A091178B17A767A000FB5C55 /* AboutBoard_iPhone.xml */ = {isa = PBXFileReference; fileEncoding = 4; lastKnownFileType = text.xml; path = AboutBoard_iPhone.xml; sourceTree = "<group>"; };
		A091178C17A767A000FB5C55 /* AboutBoardCell_iPhone.xml */ = {isa = PBXFileReference; fileEncoding = 4; lastKnownFileType = text.xml; path = AboutBoardCell_iPhone.xml; sourceTree = "<group>"; };
		A091178D17A767A000FB5C55 /* DribbbleBoard_iPhone.h */ = {isa = PBXFileReference; fileEncoding = 4; lastKnownFileType = sourcecode.c.h; path = DribbbleBoard_iPhone.h; sourceTree = "<group>"; };
		A091178E17A767A000FB5C55 /* DribbbleBoard_iPhone.m */ = {isa = PBXFileReference; fileEncoding = 4; lastKnownFileType = sourcecode.c.objc; path = DribbbleBoard_iPhone.m; sourceTree = "<group>"; };
		A091178F17A767A000FB5C55 /* DribbbleBoard_iPhone.xml */ = {isa = PBXFileReference; fileEncoding = 4; lastKnownFileType = text.xml; path = DribbbleBoard_iPhone.xml; sourceTree = "<group>"; };
		A091179017A767A000FB5C55 /* DribbbleBoardCell_iPhone.xml */ = {isa = PBXFileReference; fileEncoding = 4; lastKnownFileType = text.xml; path = DribbbleBoardCell_iPhone.xml; sourceTree = "<group>"; };
		A091179117A767A000FB5C55 /* DribbbleBoardTab_iPhone.xml */ = {isa = PBXFileReference; fileEncoding = 4; lastKnownFileType = text.xml; path = DribbbleBoardTab_iPhone.xml; sourceTree = "<group>"; };
		A091179217A767A000FB5C55 /* DribbbleDetailBoard_iPhone.h */ = {isa = PBXFileReference; fileEncoding = 4; lastKnownFileType = sourcecode.c.h; path = DribbbleDetailBoard_iPhone.h; sourceTree = "<group>"; };
		A091179317A767A000FB5C55 /* DribbbleDetailBoard_iPhone.m */ = {isa = PBXFileReference; fileEncoding = 4; lastKnownFileType = sourcecode.c.objc; path = DribbbleDetailBoard_iPhone.m; sourceTree = "<group>"; };
		A091179417A767A000FB5C55 /* DribbbleDetailBoard_iPhone.xml */ = {isa = PBXFileReference; fileEncoding = 4; lastKnownFileType = text.xml; path = DribbbleDetailBoard_iPhone.xml; sourceTree = "<group>"; };
		A091179517A767A000FB5C55 /* DribbbleDetailBoardComment_iPhone.xml */ = {isa = PBXFileReference; fileEncoding = 4; lastKnownFileType = text.xml; path = DribbbleDetailBoardComment_iPhone.xml; sourceTree = "<group>"; };
		A091179617A767A000FB5C55 /* DribbbleDetailBoardHeader_iPhone.xml */ = {isa = PBXFileReference; fileEncoding = 4; lastKnownFileType = text.xml; path = DribbbleDetailBoardHeader_iPhone.xml; sourceTree = "<group>"; };
		A091179717A767A000FB5C55 /* Lesson1Board.h */ = {isa = PBXFileReference; fileEncoding = 4; lastKnownFileType = sourcecode.c.h; path = Lesson1Board.h; sourceTree = "<group>"; };
		A091179817A767A000FB5C55 /* Lesson1Board.m */ = {isa = PBXFileReference; fileEncoding = 4; lastKnownFileType = sourcecode.c.objc; path = Lesson1Board.m; sourceTree = "<group>"; };
		A091179917A767A000FB5C55 /* Lesson2Board.h */ = {isa = PBXFileReference; fileEncoding = 4; lastKnownFileType = sourcecode.c.h; path = Lesson2Board.h; sourceTree = "<group>"; };
		A091179A17A767A000FB5C55 /* Lesson2Board.m */ = {isa = PBXFileReference; fileEncoding = 4; lastKnownFileType = sourcecode.c.objc; path = Lesson2Board.m; sourceTree = "<group>"; };
		A091179B17A767A000FB5C55 /* Lesson3Board.h */ = {isa = PBXFileReference; fileEncoding = 4; lastKnownFileType = sourcecode.c.h; path = Lesson3Board.h; sourceTree = "<group>"; };
		A091179C17A767A000FB5C55 /* Lesson3Board.m */ = {isa = PBXFileReference; fileEncoding = 4; lastKnownFileType = sourcecode.c.objc; path = Lesson3Board.m; sourceTree = "<group>"; };
		A091179D17A767A000FB5C55 /* Lesson4Board.h */ = {isa = PBXFileReference; fileEncoding = 4; lastKnownFileType = sourcecode.c.h; path = Lesson4Board.h; sourceTree = "<group>"; };
		A091179E17A767A000FB5C55 /* Lesson4Board.m */ = {isa = PBXFileReference; fileEncoding = 4; lastKnownFileType = sourcecode.c.objc; path = Lesson4Board.m; sourceTree = "<group>"; };
		A091179F17A767A000FB5C55 /* Lesson5Board.h */ = {isa = PBXFileReference; fileEncoding = 4; lastKnownFileType = sourcecode.c.h; path = Lesson5Board.h; sourceTree = "<group>"; };
		A09117A017A767A000FB5C55 /* Lesson5Board.m */ = {isa = PBXFileReference; fileEncoding = 4; lastKnownFileType = sourcecode.c.objc; path = Lesson5Board.m; sourceTree = "<group>"; };
		A09117A117A767A000FB5C55 /* Lesson5Board.xml */ = {isa = PBXFileReference; fileEncoding = 4; lastKnownFileType = text.xml; path = Lesson5Board.xml; sourceTree = "<group>"; };
		A09117A217A767A000FB5C55 /* Lesson5BoardCell.xml */ = {isa = PBXFileReference; fileEncoding = 4; lastKnownFileType = text.xml; path = Lesson5BoardCell.xml; sourceTree = "<group>"; };
		A09117A317A767A000FB5C55 /* Lesson6_1Board.h */ = {isa = PBXFileReference; fileEncoding = 4; lastKnownFileType = sourcecode.c.h; path = Lesson6_1Board.h; sourceTree = "<group>"; };
		A09117A417A767A000FB5C55 /* Lesson6_1Board.m */ = {isa = PBXFileReference; fileEncoding = 4; lastKnownFileType = sourcecode.c.objc; path = Lesson6_1Board.m; sourceTree = "<group>"; };
		A09117A517A767A000FB5C55 /* Lesson6_2Board.h */ = {isa = PBXFileReference; fileEncoding = 4; lastKnownFileType = sourcecode.c.h; path = Lesson6_2Board.h; sourceTree = "<group>"; };
		A09117A617A767A000FB5C55 /* Lesson6_2Board.m */ = {isa = PBXFileReference; fileEncoding = 4; lastKnownFileType = sourcecode.c.objc; path = Lesson6_2Board.m; sourceTree = "<group>"; };
		A09117A717A767A000FB5C55 /* Lesson6_3Board.h */ = {isa = PBXFileReference; fileEncoding = 4; lastKnownFileType = sourcecode.c.h; path = Lesson6_3Board.h; sourceTree = "<group>"; };
		A09117A817A767A000FB5C55 /* Lesson6_3Board.m */ = {isa = PBXFileReference; fileEncoding = 4; lastKnownFileType = sourcecode.c.objc; path = Lesson6_3Board.m; sourceTree = "<group>"; };
		A09117A917A767A000FB5C55 /* Lesson6_4Board.h */ = {isa = PBXFileReference; fileEncoding = 4; lastKnownFileType = sourcecode.c.h; path = Lesson6_4Board.h; sourceTree = "<group>"; };
		A09117AA17A767A000FB5C55 /* Lesson6_4Board.m */ = {isa = PBXFileReference; fileEncoding = 4; lastKnownFileType = sourcecode.c.objc; path = Lesson6_4Board.m; sourceTree = "<group>"; };
		A09117AB17A767A000FB5C55 /* Lesson6_5Board.h */ = {isa = PBXFileReference; fileEncoding = 4; lastKnownFileType = sourcecode.c.h; path = Lesson6_5Board.h; sourceTree = "<group>"; };
		A09117AC17A767A000FB5C55 /* Lesson6_5Board.m */ = {isa = PBXFileReference; fileEncoding = 4; lastKnownFileType = sourcecode.c.objc; path = Lesson6_5Board.m; sourceTree = "<group>"; };
		A09117AD17A767A000FB5C55 /* Lesson6_6Board.h */ = {isa = PBXFileReference; fileEncoding = 4; lastKnownFileType = sourcecode.c.h; path = Lesson6_6Board.h; sourceTree = "<group>"; };
		A09117AE17A767A000FB5C55 /* Lesson6_6Board.m */ = {isa = PBXFileReference; fileEncoding = 4; lastKnownFileType = sourcecode.c.objc; path = Lesson6_6Board.m; sourceTree = "<group>"; };
		A09117AF17A767A000FB5C55 /* MenuBoard_iPhone.h */ = {isa = PBXFileReference; fileEncoding = 4; lastKnownFileType = sourcecode.c.h; path = MenuBoard_iPhone.h; sourceTree = "<group>"; };
		A09117B017A767A000FB5C55 /* MenuBoard_iPhone.m */ = {isa = PBXFileReference; fileEncoding = 4; lastKnownFileType = sourcecode.c.objc; path = MenuBoard_iPhone.m; sourceTree = "<group>"; };
		A09117B117A767A000FB5C55 /* MenuBoard_iPhone.xml */ = {isa = PBXFileReference; fileEncoding = 4; lastKnownFileType = text.xml; path = MenuBoard_iPhone.xml; sourceTree = "<group>"; };
		A09117B217A767A000FB5C55 /* PullLoader.h */ = {isa = PBXFileReference; fileEncoding = 4; lastKnownFileType = sourcecode.c.h; path = PullLoader.h; sourceTree = "<group>"; };
		A09117B317A767A000FB5C55 /* PullLoader.m */ = {isa = PBXFileReference; fileEncoding = 4; lastKnownFileType = sourcecode.c.objc; path = PullLoader.m; sourceTree = "<group>"; };
		A09117B417A767A000FB5C55 /* PullLoader.xml */ = {isa = PBXFileReference; fileEncoding = 4; lastKnownFileType = text.xml; path = PullLoader.xml; sourceTree = "<group>"; };
		A09117B517A767A000FB5C55 /* SplashBoard_iPhone-568h@2x.xml */ = {isa = PBXFileReference; fileEncoding = 4; lastKnownFileType = text.xml; path = "SplashBoard_iPhone-568h@2x.xml"; sourceTree = "<group>"; };
		A09117B617A767A000FB5C55 /* SplashBoard_iPhone.anim */ = {isa = PBXFileReference; fileEncoding = 4; lastKnownFileType = text.xml; path = SplashBoard_iPhone.anim; sourceTree = "<group>"; };
		A09117B717A767A000FB5C55 /* SplashBoard_iPhone.h */ = {isa = PBXFileReference; fileEncoding = 4; lastKnownFileType = sourcecode.c.h; path = SplashBoard_iPhone.h; sourceTree = "<group>"; };
		A09117B817A767A000FB5C55 /* SplashBoard_iPhone.m */ = {isa = PBXFileReference; fileEncoding = 4; lastKnownFileType = sourcecode.c.objc; path = SplashBoard_iPhone.m; sourceTree = "<group>"; };
		A09117B917A767A000FB5C55 /* SplashBoard_iPhone.xml */ = {isa = PBXFileReference; fileEncoding = 4; lastKnownFileType = text.xml; path = SplashBoard_iPhone.xml; sourceTree = "<group>"; };
		A09117BA17A767A000FB5C55 /* TeamBoard_iPhone.h */ = {isa = PBXFileReference; fileEncoding = 4; lastKnownFileType = sourcecode.c.h; path = TeamBoard_iPhone.h; sourceTree = "<group>"; };
		A09117BB17A767A000FB5C55 /* TeamBoard_iPhone.m */ = {isa = PBXFileReference; fileEncoding = 4; lastKnownFileType = sourcecode.c.objc; path = TeamBoard_iPhone.m; sourceTree = "<group>"; };
		A09117BC17A767A000FB5C55 /* TeamBoard_iPhone.xml */ = {isa = PBXFileReference; fileEncoding = 4; lastKnownFileType = text.xml; path = TeamBoard_iPhone.xml; sourceTree = "<group>"; };
		A09117BD17A767A000FB5C55 /* TeamBoardCell_iPhone.xml */ = {isa = PBXFileReference; fileEncoding = 4; lastKnownFileType = text.xml; path = TeamBoardCell_iPhone.xml; sourceTree = "<group>"; };
		A09117BE17A767A000FB5C55 /* TutorialBoard_iPhone.h */ = {isa = PBXFileReference; fileEncoding = 4; lastKnownFileType = sourcecode.c.h; path = TutorialBoard_iPhone.h; sourceTree = "<group>"; };
		A09117BF17A767A000FB5C55 /* TutorialBoard_iPhone.m */ = {isa = PBXFileReference; fileEncoding = 4; lastKnownFileType = sourcecode.c.objc; path = TutorialBoard_iPhone.m; sourceTree = "<group>"; };
		A09117C017A767A000FB5C55 /* TutorialBoard_iPhone.xml */ = {isa = PBXFileReference; fileEncoding = 4; lastKnownFileType = text.xml; path = TutorialBoard_iPhone.xml; sourceTree = "<group>"; };
		A09117C117A767A000FB5C55 /* TutorialBoardCell_iPhone.xml */ = {isa = PBXFileReference; fileEncoding = 4; lastKnownFileType = text.xml; path = TutorialBoardCell_iPhone.xml; sourceTree = "<group>"; };
		A0F19CB516BADBD000ACE20A /* UIKit.framework */ = {isa = PBXFileReference; lastKnownFileType = wrapper.framework; name = UIKit.framework; path = System/Library/Frameworks/UIKit.framework; sourceTree = SDKROOT; };
		A0F19CB716BADBD000ACE20A /* Foundation.framework */ = {isa = PBXFileReference; lastKnownFileType = wrapper.framework; name = Foundation.framework; path = System/Library/Frameworks/Foundation.framework; sourceTree = SDKROOT; };
		A0F19CB916BADBD000ACE20A /* CoreGraphics.framework */ = {isa = PBXFileReference; lastKnownFileType = wrapper.framework; name = CoreGraphics.framework; path = System/Library/Frameworks/CoreGraphics.framework; sourceTree = SDKROOT; };
		A0F19CBF16BADBD000ACE20A /* en */ = {isa = PBXFileReference; lastKnownFileType = text.plist.strings; name = en; path = en.lproj/InfoPlist.strings; sourceTree = "<group>"; };
		A0F19CC116BADBD000ACE20A /* main.m */ = {isa = PBXFileReference; lastKnownFileType = sourcecode.c.objc; path = main.m; sourceTree = "<group>"; };
		A0F19CC716BADBD000ACE20A /* Default.png */ = {isa = PBXFileReference; lastKnownFileType = image.png; path = Default.png; sourceTree = "<group>"; };
		A0F19CC916BADBD000ACE20A /* Default@2x.png */ = {isa = PBXFileReference; lastKnownFileType = image.png; path = "Default@2x.png"; sourceTree = "<group>"; };
		A0F19CCB16BADBD000ACE20A /* Default-568h@2x.png */ = {isa = PBXFileReference; lastKnownFileType = image.png; path = "Default-568h@2x.png"; sourceTree = "<group>"; };
		A0F19D2916BADF1A00ACE20A /* Icon.png */ = {isa = PBXFileReference; lastKnownFileType = image.png; path = Icon.png; sourceTree = "<group>"; };
		A0F19D2A16BADF1A00ACE20A /* Icon@2x.png */ = {isa = PBXFileReference; lastKnownFileType = image.png; path = "Icon@2x.png"; sourceTree = "<group>"; };
		A0F925CD16BADF9B00D1943B /* BeeFrameworkExample.app */ = {isa = PBXFileReference; explicitFileType = wrapper.application; includeInIndex = 0; path = BeeFrameworkExample.app; sourceTree = BUILT_PRODUCTS_DIR; };
/* End PBXFileReference section */

/* Begin PBXFrameworksBuildPhase section */
		A0F19CAF16BADBD000ACE20A /* Frameworks */ = {
			isa = PBXFrameworksBuildPhase;
			buildActionMask = 2147483647;
			files = (
				A0F19CB616BADBD000ACE20A /* UIKit.framework in Frameworks */,
				A0F19CB816BADBD000ACE20A /* Foundation.framework in Frameworks */,
				A0F19CBA16BADBD000ACE20A /* CoreGraphics.framework in Frameworks */,
				22BEE813C75B48408BFA919D /* libPods.a in Frameworks */,
			);
			runOnlyForDeploymentPostprocessing = 0;
		};
/* End PBXFrameworksBuildPhase section */

/* Begin PBXGroup section */
		A091173117A767A000FB5C55 /* controller */ = {
			isa = PBXGroup;
			children = (
				A091173217A767A000FB5C55 /* controller.h */,
				A091173317A767A000FB5C55 /* controller.mm */,
				A091173417A767A000FB5C55 /* dribbble.h */,
				A091173517A767A000FB5C55 /* dribbble.mm */,
			);
			path = controller;
			sourceTree = "<group>";
		};
		A091173817A767A000FB5C55 /* model */ = {
			isa = PBXGroup;
			children = (
				A091173917A767A000FB5C55 /* BaseModel.h */,
				A091173A17A767A000FB5C55 /* BaseModel.m */,
				A091173B17A767A000FB5C55 /* model.h */,
				A091173C17A767A000FB5C55 /* model.m */,
				A091173D17A767A000FB5C55 /* ShotCommentsModel.h */,
				A091173E17A767A000FB5C55 /* ShotCommentsModel.m */,
				A091173F17A767A000FB5C55 /* ShotInfoModel.h */,
				A091174017A767A000FB5C55 /* ShotInfoModel.m */,
				A091174117A767A000FB5C55 /* ShotListModel.h */,
				A091174217A767A000FB5C55 /* ShotListModel.m */,
			);
			path = model;
			sourceTree = "<group>";
		};
		A091174317A767A000FB5C55 /* resource */ = {
			isa = PBXGroup;
			children = (
				A091174417A767A000FB5C55 /* img */,
			);
			path = resource;
			sourceTree = "<group>";
		};
		A091174417A767A000FB5C55 /* img */ = {
			isa = PBXGroup;
			children = (
				A091174517A767A000FB5C55 /* arrow-down@2x.png */,
				A091174617A767A000FB5C55 /* avatar-donglin.png */,
				A091176717A767A000FB5C55 /* avatar-gelosie.jpg */,
				A091176817A767A000FB5C55 /* avatar-heaven.jpg */,
				A091174717A767A000FB5C55 /* avatar-houxin.png */,
				A091174817A767A000FB5C55 /* avatar-howie.png */,
				A091176B17A767A000FB5C55 /* avatar-ilikeido.jpg */,
				A091176C17A767A000FB5C55 /* avatar-lancy.jpg */,
				A091174917A767A000FB5C55 /* avatar-laoguo.png */,
				A091176E17A767A000FB5C55 /* avatar-nonomori.png */,
				A091174A17A767A000FB5C55 /* avatar-qfish.png */,
				A091177017A767A000FB5C55 /* avatar-roy.jpg */,
				A091177117A767A000FB5C55 /* avatar-stcui.jpg */,
				A091177217A767A000FB5C55 /* avatar-yulong.jpeg */,
				A091174B17A767A000FB5C55 /* contact-them@2x.png */,
				A091174C17A767A000FB5C55 /* geek-zoo.png */,
				A091174D17A767A000FB5C55 /* icon-comments.png */,
				A091174E17A767A000FB5C55 /* icon-hearts.png */,
				A091174F17A767A000FB5C55 /* icon-views.png */,
				A091175017A767A000FB5C55 /* menu-button@2x.png */,
				A091175117A767A000FB5C55 /* menu-icon-blue@2x.png */,
				A091175217A767A000FB5C55 /* menu-icon-green@2x.png */,
				A091175317A767A000FB5C55 /* menu-icon-red@2x.png */,
				A091175417A767A000FB5C55 /* menu-icon@2x.png */,
				A091175517A767A000FB5C55 /* navigation-back@2x.png */,
				A091175617A767A000FB5C55 /* navigation-bar@2x.png */,
				A091175717A767A000FB5C55 /* navigation_bar@2x.png */,
				A091175817A767A000FB5C55 /* splash-bg@2x.png */,
				A091175917A767A000FB5C55 /* splash-logo-small@2x.png */,
				A091175A17A767A000FB5C55 /* splash-logo@2x.png */,
				A091175B17A767A000FB5C55 /* splash-slogan@2x.png */,
				A091175C17A767A000FB5C55 /* tab-bar@2x.png */,
				A091175D17A767A000FB5C55 /* tab-item@2x.png */,
			);
			path = img;
			sourceTree = "<group>";
		};
		A091175E17A767A000FB5C55 /* view_iPad */ = {
			isa = PBXGroup;
			children = (
				A091175F17A767A000FB5C55 /* AppBoard_iPad.h */,
				A091176017A767A000FB5C55 /* AppBoard_iPad.m */,
			);
			path = view_iPad;
			sourceTree = "<group>";
		};
		A091176117A767A000FB5C55 /* view_iPhone */ = {
			isa = PBXGroup;
			children = (
				A091176217A767A000FB5C55 /* AppBoard_iPhone.h */,
				A091176317A767A000FB5C55 /* AppBoard_iPhone.m */,
				A091178817A767A000FB5C55 /* templates */,
			);
			path = view_iPhone;
			sourceTree = "<group>";
		};
		A091178817A767A000FB5C55 /* templates */ = {
			isa = PBXGroup;
			children = (
				A091178917A767A000FB5C55 /* AboutBoard_iPhone.h */,
				A091178A17A767A000FB5C55 /* AboutBoard_iPhone.m */,
				A091178B17A767A000FB5C55 /* AboutBoard_iPhone.xml */,
				A091178C17A767A000FB5C55 /* AboutBoardCell_iPhone.xml */,
				A091178D17A767A000FB5C55 /* DribbbleBoard_iPhone.h */,
				A091178E17A767A000FB5C55 /* DribbbleBoard_iPhone.m */,
				A091178F17A767A000FB5C55 /* DribbbleBoard_iPhone.xml */,
				A091179017A767A000FB5C55 /* DribbbleBoardCell_iPhone.xml */,
				A091179117A767A000FB5C55 /* DribbbleBoardTab_iPhone.xml */,
				A091179217A767A000FB5C55 /* DribbbleDetailBoard_iPhone.h */,
				A091179317A767A000FB5C55 /* DribbbleDetailBoard_iPhone.m */,
				A091179417A767A000FB5C55 /* DribbbleDetailBoard_iPhone.xml */,
				A091179517A767A000FB5C55 /* DribbbleDetailBoardComment_iPhone.xml */,
				A091179617A767A000FB5C55 /* DribbbleDetailBoardHeader_iPhone.xml */,
				A091179717A767A000FB5C55 /* Lesson1Board.h */,
				A091179817A767A000FB5C55 /* Lesson1Board.m */,
				A091179917A767A000FB5C55 /* Lesson2Board.h */,
				A091179A17A767A000FB5C55 /* Lesson2Board.m */,
				A091179B17A767A000FB5C55 /* Lesson3Board.h */,
				A091179C17A767A000FB5C55 /* Lesson3Board.m */,
				A091179D17A767A000FB5C55 /* Lesson4Board.h */,
				A091179E17A767A000FB5C55 /* Lesson4Board.m */,
				A091179F17A767A000FB5C55 /* Lesson5Board.h */,
				A09117A017A767A000FB5C55 /* Lesson5Board.m */,
				A09117A117A767A000FB5C55 /* Lesson5Board.xml */,
				A09117A217A767A000FB5C55 /* Lesson5BoardCell.xml */,
				A09117A317A767A000FB5C55 /* Lesson6_1Board.h */,
				A09117A417A767A000FB5C55 /* Lesson6_1Board.m */,
				A09117A517A767A000FB5C55 /* Lesson6_2Board.h */,
				A09117A617A767A000FB5C55 /* Lesson6_2Board.m */,
				A09117A717A767A000FB5C55 /* Lesson6_3Board.h */,
				A09117A817A767A000FB5C55 /* Lesson6_3Board.m */,
				A09117A917A767A000FB5C55 /* Lesson6_4Board.h */,
				A09117AA17A767A000FB5C55 /* Lesson6_4Board.m */,
				A09117AB17A767A000FB5C55 /* Lesson6_5Board.h */,
				A09117AC17A767A000FB5C55 /* Lesson6_5Board.m */,
				A09117AD17A767A000FB5C55 /* Lesson6_6Board.h */,
				A09117AE17A767A000FB5C55 /* Lesson6_6Board.m */,
				A09117AF17A767A000FB5C55 /* MenuBoard_iPhone.h */,
				A09117B017A767A000FB5C55 /* MenuBoard_iPhone.m */,
				A09117B117A767A000FB5C55 /* MenuBoard_iPhone.xml */,
				A09117B217A767A000FB5C55 /* PullLoader.h */,
				A09117B317A767A000FB5C55 /* PullLoader.m */,
				A09117B417A767A000FB5C55 /* PullLoader.xml */,
				A09117B517A767A000FB5C55 /* SplashBoard_iPhone-568h@2x.xml */,
				A09117B617A767A000FB5C55 /* SplashBoard_iPhone.anim */,
				A09117B717A767A000FB5C55 /* SplashBoard_iPhone.h */,
				A09117B817A767A000FB5C55 /* SplashBoard_iPhone.m */,
				A09117B917A767A000FB5C55 /* SplashBoard_iPhone.xml */,
				A09117BA17A767A000FB5C55 /* TeamBoard_iPhone.h */,
				A09117BB17A767A000FB5C55 /* TeamBoard_iPhone.m */,
				A09117BC17A767A000FB5C55 /* TeamBoard_iPhone.xml */,
				A09117BD17A767A000FB5C55 /* TeamBoardCell_iPhone.xml */,
				A09117BE17A767A000FB5C55 /* TutorialBoard_iPhone.h */,
				A09117BF17A767A000FB5C55 /* TutorialBoard_iPhone.m */,
				A09117C017A767A000FB5C55 /* TutorialBoard_iPhone.xml */,
				A09117C117A767A000FB5C55 /* TutorialBoardCell_iPhone.xml */,
			);
			path = templates;
			sourceTree = "<group>";
		};
		A0F19CA916BADBD000ACE20A = {
			isa = PBXGroup;
			children = (
				A0F19CBB16BADBD000ACE20A /* BeeFrameworkExample */,
				A0F19CB416BADBD000ACE20A /* Frameworks */,
				60E642538304469F90EC30C6 /* Pods.xcconfig */,
				A0F925CD16BADF9B00D1943B /* BeeFrameworkExample.app */,
			);
			sourceTree = "<group>";
		};
		A0F19CB416BADBD000ACE20A /* Frameworks */ = {
			isa = PBXGroup;
			children = (
				A0F19CB516BADBD000ACE20A /* UIKit.framework */,
				A0F19CB716BADBD000ACE20A /* Foundation.framework */,
				A0F19CB916BADBD000ACE20A /* CoreGraphics.framework */,
				590E070F4A684548B3FB8592 /* libPods.a */,
			);
			name = Frameworks;
			sourceTree = "<group>";
		};
		A0F19CBB16BADBD000ACE20A /* BeeFrameworkExample */ = {
			isa = PBXGroup;
			children = (
				A091172F17A767A000FB5C55 /* AppDelegate.h */,
				A091173017A767A000FB5C55 /* AppDelegate.m */,
				A091173117A767A000FB5C55 /* controller */,
				A091173817A767A000FB5C55 /* model */,
				A091174317A767A000FB5C55 /* resource */,
				A091175E17A767A000FB5C55 /* view_iPad */,
				A091176117A767A000FB5C55 /* view_iPhone */,
				A0F19CBC16BADBD000ACE20A /* Supporting Files */,
			);
			path = BeeFrameworkExample;
			sourceTree = "<group>";
		};
		A0F19CBC16BADBD000ACE20A /* Supporting Files */ = {
			isa = PBXGroup;
			children = (
				A091173617A767A000FB5C55 /* BeeFrameworkExample-Info.plist */,
				A091173717A767A000FB5C55 /* BeeFrameworkExample-Prefix.pch */,
				A0F19CBE16BADBD000ACE20A /* InfoPlist.strings */,
				A0F19CC116BADBD000ACE20A /* main.m */,
				A0F19D2916BADF1A00ACE20A /* Icon.png */,
				A0F19D2A16BADF1A00ACE20A /* Icon@2x.png */,
				A0F19CC716BADBD000ACE20A /* Default.png */,
				A0F19CC916BADBD000ACE20A /* Default@2x.png */,
				A0F19CCB16BADBD000ACE20A /* Default-568h@2x.png */,
			);
			name = "Supporting Files";
			sourceTree = "<group>";
		};
/* End PBXGroup section */

/* Begin PBXNativeTarget section */
		A0F19CB116BADBD000ACE20A /* BeeFrameworkExample */ = {
			isa = PBXNativeTarget;
			buildConfigurationList = A0F19CCF16BADBD000ACE20A /* Build configuration list for PBXNativeTarget "BeeFrameworkExample" */;
			buildPhases = (
				A0F19CAE16BADBD000ACE20A /* Sources */,
				A0F19CAF16BADBD000ACE20A /* Frameworks */,
				A0F19CB016BADBD000ACE20A /* Resources */,
				09B1329B650B44FB9AA611CB /* Copy Pods Resources */,
			);
			buildRules = (
			);
			dependencies = (
			);
			name = BeeFrameworkExample;
			productName = BeeFrameworkExample;
			productReference = A0F925CD16BADF9B00D1943B /* BeeFrameworkExample.app */;
			productType = "com.apple.product-type.application";
		};
/* End PBXNativeTarget section */

/* Begin PBXProject section */
		A0F19CAA16BADBD000ACE20A /* Project object */ = {
			isa = PBXProject;
			attributes = {
				CLASSPREFIX = BE;
				LastUpgradeCheck = 0460;
				ORGANIZATIONNAME = stcui.me;
			};
			buildConfigurationList = A0F19CAD16BADBD000ACE20A /* Build configuration list for PBXProject "BeeFrameworkExample" */;
			compatibilityVersion = "Xcode 3.2";
			developmentRegion = English;
			hasScannedForEncodings = 0;
			knownRegions = (
				en,
			);
			mainGroup = A0F19CA916BADBD000ACE20A;
			productRefGroup = A0F19CA916BADBD000ACE20A;
			projectDirPath = "";
			projectRoot = "";
			targets = (
				A0F19CB116BADBD000ACE20A /* BeeFrameworkExample */,
			);
		};
/* End PBXProject section */

/* Begin PBXResourcesBuildPhase section */
		A0F19CB016BADBD000ACE20A /* Resources */ = {
			isa = PBXResourcesBuildPhase;
			buildActionMask = 2147483647;
			files = (
				A0F19CC016BADBD000ACE20A /* InfoPlist.strings in Resources */,
				A0F19CC816BADBD000ACE20A /* Default.png in Resources */,
				A0F19CCA16BADBD000ACE20A /* Default@2x.png in Resources */,
				A0F19CCC16BADBD000ACE20A /* Default-568h@2x.png in Resources */,
				A0F19D2B16BADF1A00ACE20A /* Icon.png in Resources */,
				A0F19D2C16BADF1A00ACE20A /* Icon@2x.png in Resources */,
				A09117CB17A767A000FB5C55 /* arrow-down@2x.png in Resources */,
				A09117CD17A767A000FB5C55 /* avatar-houxin.png in Resources */,
				A09117CE17A767A000FB5C55 /* avatar-howie.png in Resources */,
				A09117CF17A767A000FB5C55 /* avatar-laoguo.png in Resources */,
				A09117D017A767A000FB5C55 /* avatar-qfish.png in Resources */,
				A09117D117A767A000FB5C55 /* contact-them@2x.png in Resources */,
				A09117D217A767A000FB5C55 /* geek-zoo.png in Resources */,
				A09117D317A767A000FB5C55 /* icon-comments.png in Resources */,
				A09117D417A767A000FB5C55 /* icon-hearts.png in Resources */,
				A09117D517A767A000FB5C55 /* icon-views.png in Resources */,
				A09117D617A767A000FB5C55 /* menu-button@2x.png in Resources */,
				A09117D717A767A000FB5C55 /* menu-icon-blue@2x.png in Resources */,
				A09117D817A767A000FB5C55 /* menu-icon-green@2x.png in Resources */,
				A09117D917A767A000FB5C55 /* menu-icon-red@2x.png in Resources */,
				A09117DA17A767A000FB5C55 /* menu-icon@2x.png in Resources */,
				A09117DB17A767A000FB5C55 /* navigation-back@2x.png in Resources */,
				A09117DC17A767A000FB5C55 /* navigation-bar@2x.png in Resources */,
				A09117DD17A767A000FB5C55 /* navigation_bar@2x.png in Resources */,
				A09117DE17A767A000FB5C55 /* splash-bg@2x.png in Resources */,
				A09117DF17A767A000FB5C55 /* splash-logo-small@2x.png in Resources */,
				A09117E017A767A000FB5C55 /* splash-logo@2x.png in Resources */,
				A09117E117A767A000FB5C55 /* splash-slogan@2x.png in Resources */,
				A09117E217A767A000FB5C55 /* tab-bar@2x.png in Resources */,
				A09117E317A767A000FB5C55 /* tab-item@2x.png in Resources */,
				A09117E717A767A000FB5C55 /* avatar-gelosie.jpg in Resources */,
				A09117E817A767A000FB5C55 /* avatar-heaven.jpg in Resources */,
				A09117EB17A767A000FB5C55 /* avatar-ilikeido.jpg in Resources */,
				A09117EC17A767A000FB5C55 /* avatar-lancy.jpg in Resources */,
				A09117EE17A767A000FB5C55 /* avatar-nonomori.png in Resources */,
				A09117F017A767A000FB5C55 /* avatar-roy.jpg in Resources */,
				A09117F117A767A000FB5C55 /* avatar-stcui.jpg in Resources */,
				A09117F217A767A000FB5C55 /* avatar-yulong.jpeg in Resources */,
				A091180817A767A000FB5C55 /* AboutBoard_iPhone.xml in Resources */,
				A091180917A767A000FB5C55 /* AboutBoardCell_iPhone.xml in Resources */,
				A091180B17A767A000FB5C55 /* DribbbleBoard_iPhone.xml in Resources */,
				A091180C17A767A000FB5C55 /* DribbbleBoardCell_iPhone.xml in Resources */,
				A091180D17A767A000FB5C55 /* DribbbleBoardTab_iPhone.xml in Resources */,
				A091180F17A767A000FB5C55 /* DribbbleDetailBoard_iPhone.xml in Resources */,
				A091181017A767A000FB5C55 /* DribbbleDetailBoardComment_iPhone.xml in Resources */,
				A091181117A767A000FB5C55 /* DribbbleDetailBoardHeader_iPhone.xml in Resources */,
				A091181717A767A000FB5C55 /* Lesson5Board.xml in Resources */,
				A091181817A767A000FB5C55 /* Lesson5BoardCell.xml in Resources */,
				A091182017A767A000FB5C55 /* MenuBoard_iPhone.xml in Resources */,
				A091182217A767A000FB5C55 /* PullLoader.xml in Resources */,
				A091182317A767A000FB5C55 /* SplashBoard_iPhone-568h@2x.xml in Resources */,
				A091182417A767A000FB5C55 /* SplashBoard_iPhone.anim in Resources */,
				A091182617A767A000FB5C55 /* SplashBoard_iPhone.xml in Resources */,
				A091182817A767A000FB5C55 /* TeamBoard_iPhone.xml in Resources */,
				A091182917A767A000FB5C55 /* TeamBoardCell_iPhone.xml in Resources */,
				A091182B17A767A000FB5C55 /* TutorialBoard_iPhone.xml in Resources */,
				A091182C17A767A000FB5C55 /* TutorialBoardCell_iPhone.xml in Resources */,
			);
			runOnlyForDeploymentPostprocessing = 0;
		};
/* End PBXResourcesBuildPhase section */

/* Begin PBXShellScriptBuildPhase section */
		09B1329B650B44FB9AA611CB /* Copy Pods Resources */ = {
			isa = PBXShellScriptBuildPhase;
			buildActionMask = 2147483647;
			files = (
			);
			inputPaths = (
			);
			name = "Copy Pods Resources";
			outputPaths = (
			);
			runOnlyForDeploymentPostprocessing = 0;
			shellPath = /bin/sh;
			shellScript = "\"${SRCROOT}/Pods/Pods-resources.sh\"\n";
		};
/* End PBXShellScriptBuildPhase section */

/* Begin PBXSourcesBuildPhase section */
		A0F19CAE16BADBD000ACE20A /* Sources */ = {
			isa = PBXSourcesBuildPhase;
			buildActionMask = 2147483647;
			files = (
				A0F19CC216BADBD000ACE20A /* main.m in Sources */,
				A09117C217A767A000FB5C55 /* AppDelegate.m in Sources */,
				A09117C317A767A000FB5C55 /* controller.mm in Sources */,
				A09117C417A767A000FB5C55 /* dribbble.mm in Sources */,
				A09117C617A767A000FB5C55 /* BaseModel.m in Sources */,
				A09117C717A767A000FB5C55 /* model.m in Sources */,
				A09117C817A767A000FB5C55 /* ShotCommentsModel.m in Sources */,
				A09117C917A767A000FB5C55 /* ShotInfoModel.m in Sources */,
				A09117CA17A767A000FB5C55 /* ShotListModel.m in Sources */,
				A09117E417A767A000FB5C55 /* AppBoard_iPad.m in Sources */,
				A09117E517A767A000FB5C55 /* AppBoard_iPhone.m in Sources */,
				A091180717A767A000FB5C55 /* AboutBoard_iPhone.m in Sources */,
				A091180A17A767A000FB5C55 /* DribbbleBoard_iPhone.m in Sources */,
				A091180E17A767A000FB5C55 /* DribbbleDetailBoard_iPhone.m in Sources */,
				A091181217A767A000FB5C55 /* Lesson1Board.m in Sources */,
				A091181317A767A000FB5C55 /* Lesson2Board.m in Sources */,
				A091181417A767A000FB5C55 /* Lesson3Board.m in Sources */,
				A091181517A767A000FB5C55 /* Lesson4Board.m in Sources */,
				A091181617A767A000FB5C55 /* Lesson5Board.m in Sources */,
				A091181917A767A000FB5C55 /* Lesson6_1Board.m in Sources */,
				A091181A17A767A000FB5C55 /* Lesson6_2Board.m in Sources */,
				A091181B17A767A000FB5C55 /* Lesson6_3Board.m in Sources */,
				A091181C17A767A000FB5C55 /* Lesson6_4Board.m in Sources */,
				A091181D17A767A000FB5C55 /* Lesson6_5Board.m in Sources */,
				A091181E17A767A000FB5C55 /* Lesson6_6Board.m in Sources */,
				A091181F17A767A000FB5C55 /* MenuBoard_iPhone.m in Sources */,
				A091182117A767A000FB5C55 /* PullLoader.m in Sources */,
				A091182517A767A000FB5C55 /* SplashBoard_iPhone.m in Sources */,
				A091182717A767A000FB5C55 /* TeamBoard_iPhone.m in Sources */,
				A091182A17A767A000FB5C55 /* TutorialBoard_iPhone.m in Sources */,
			);
			runOnlyForDeploymentPostprocessing = 0;
		};
/* End PBXSourcesBuildPhase section */

/* Begin PBXVariantGroup section */
		A0F19CBE16BADBD000ACE20A /* InfoPlist.strings */ = {
			isa = PBXVariantGroup;
			children = (
				A0F19CBF16BADBD000ACE20A /* en */,
			);
			name = InfoPlist.strings;
			sourceTree = "<group>";
		};
/* End PBXVariantGroup section */

/* Begin XCBuildConfiguration section */
		A0F19CCD16BADBD000ACE20A /* Debug */ = {
			isa = XCBuildConfiguration;
			buildSettings = {
				ALWAYS_SEARCH_USER_PATHS = NO;
				CLANG_CXX_LANGUAGE_STANDARD = "gnu++0x";
				CLANG_CXX_LIBRARY = "libc++";
				CLANG_ENABLE_OBJC_ARC = YES;
				CLANG_WARN_CONSTANT_CONVERSION = YES;
				CLANG_WARN_EMPTY_BODY = YES;
				CLANG_WARN_ENUM_CONVERSION = YES;
				CLANG_WARN_INT_CONVERSION = YES;
				CLANG_WARN__DUPLICATE_METHOD_MATCH = YES;
				"CODE_SIGN_IDENTITY[sdk=iphoneos*]" = "iPhone Developer";
				COPY_PHASE_STRIP = NO;
				GCC_C_LANGUAGE_STANDARD = gnu99;
				GCC_DYNAMIC_NO_PIC = NO;
				GCC_OPTIMIZATION_LEVEL = 0;
				GCC_PREPROCESSOR_DEFINITIONS = (
					"DEBUG=1",
					"$(inherited)",
				);
				GCC_SYMBOLS_PRIVATE_EXTERN = NO;
				GCC_WARN_ABOUT_RETURN_TYPE = YES;
				GCC_WARN_UNINITIALIZED_AUTOS = YES;
				GCC_WARN_UNUSED_VARIABLE = YES;
				IPHONEOS_DEPLOYMENT_TARGET = 6.1;
				ONLY_ACTIVE_ARCH = YES;
				SDKROOT = iphoneos;
				TARGETED_DEVICE_FAMILY = "1,2";
			};
			name = Debug;
		};
		A0F19CCE16BADBD000ACE20A /* Release */ = {
			isa = XCBuildConfiguration;
			buildSettings = {
				ALWAYS_SEARCH_USER_PATHS = NO;
				CLANG_CXX_LANGUAGE_STANDARD = "gnu++0x";
				CLANG_CXX_LIBRARY = "libc++";
				CLANG_ENABLE_OBJC_ARC = YES;
				CLANG_WARN_CONSTANT_CONVERSION = YES;
				CLANG_WARN_EMPTY_BODY = YES;
				CLANG_WARN_ENUM_CONVERSION = YES;
				CLANG_WARN_INT_CONVERSION = YES;
				CLANG_WARN__DUPLICATE_METHOD_MATCH = YES;
				"CODE_SIGN_IDENTITY[sdk=iphoneos*]" = "iPhone Developer";
				COPY_PHASE_STRIP = YES;
				GCC_C_LANGUAGE_STANDARD = gnu99;
				GCC_WARN_ABOUT_RETURN_TYPE = YES;
				GCC_WARN_UNINITIALIZED_AUTOS = YES;
				GCC_WARN_UNUSED_VARIABLE = YES;
				IPHONEOS_DEPLOYMENT_TARGET = 6.1;
				OTHER_CFLAGS = "-DNS_BLOCK_ASSERTIONS=1";
				SDKROOT = iphoneos;
				TARGETED_DEVICE_FAMILY = "1,2";
				VALIDATE_PRODUCT = YES;
			};
			name = Release;
		};
		A0F19CD016BADBD000ACE20A /* Debug */ = {
			isa = XCBuildConfiguration;
			baseConfigurationReference = 60E642538304469F90EC30C6 /* Pods.xcconfig */;
			buildSettings = {
				CLANG_ENABLE_OBJC_ARC = YES;
				GCC_PRECOMPILE_PREFIX_HEADER = YES;
				GCC_PREFIX_HEADER = "BeeFrameworkExample/BeeFrameworkExample-Prefix.pch";
				INFOPLIST_FILE = "BeeFrameworkExample/BeeFrameworkExample-Info.plist";
				PRODUCT_NAME = "$(TARGET_NAME)";
				WRAPPER_EXTENSION = app;
			};
			name = Debug;
		};
		A0F19CD116BADBD000ACE20A /* Release */ = {
			isa = XCBuildConfiguration;
			baseConfigurationReference = 60E642538304469F90EC30C6 /* Pods.xcconfig */;
			buildSettings = {
				CLANG_ENABLE_OBJC_ARC = YES;
				GCC_PRECOMPILE_PREFIX_HEADER = YES;
				GCC_PREFIX_HEADER = "BeeFrameworkExample/BeeFrameworkExample-Prefix.pch";
				INFOPLIST_FILE = "BeeFrameworkExample/BeeFrameworkExample-Info.plist";
				PRODUCT_NAME = "$(TARGET_NAME)";
				WRAPPER_EXTENSION = app;
			};
			name = Release;
		};
/* End XCBuildConfiguration section */

/* Begin XCConfigurationList section */
		A0F19CAD16BADBD000ACE20A /* Build configuration list for PBXProject "BeeFrameworkExample" */ = {
			isa = XCConfigurationList;
			buildConfigurations = (
				A0F19CCD16BADBD000ACE20A /* Debug */,
				A0F19CCE16BADBD000ACE20A /* Release */,
			);
			defaultConfigurationIsVisible = 0;
			defaultConfigurationName = Release;
		};
		A0F19CCF16BADBD000ACE20A /* Build configuration list for PBXNativeTarget "BeeFrameworkExample" */ = {
			isa = XCConfigurationList;
			buildConfigurations = (
				A0F19CD016BADBD000ACE20A /* Debug */,
				A0F19CD116BADBD000ACE20A /* Release */,
			);
			defaultConfigurationIsVisible = 0;
			defaultConfigurationName = Release;
		};
/* End XCConfigurationList section */
	};
	rootObject = A0F19CAA16BADBD000ACE20A /* Project object */;
}
